
Microsoft Visual Studio Solution File, Format Version 12.00
# Visual Studio Version 16
VisualStudioVersion = 16.0.33529.622
MinimumVisualStudioVersion = 10.0.40219.1
Project("{FAE04EC0-301F-11D3-BF4B-00C04F79EFBC}") = "Lib_MMCore", "Lib_MMCore.csproj", "{4238C5DF-3860-4DEB-B81A-C6AC20690E60}"
EndProject
Project("{9A19103F-16F7-4668-BE54-9A1E7A4F7556}") = "MMConsole", "..\MMTest\MMConsole.csproj", "{257819C7-99EE-47CC-8083-D8E36F40CE62}"
EndProject
Project("{FAE04EC0-301F-11D3-BF4B-00C04F79EFBC}") = "MMWFM", "..\MMWFM\MMWFM.csproj", "{533C46AA-CD8C-4A73-A169-AC7222504A87}"
EndProject
Global
	GlobalSection(SolutionConfigurationPlatforms) = preSolution
		Debug|Any CPU = Debug|Any CPU
		Release|Any CPU = Release|Any CPU
	EndGlobalSection
	GlobalSection(ProjectConfigurationPlatforms) = postSolution
		{4238C5DF-3860-4DEB-B81A-C6AC20690E60}.Debug|Any CPU.ActiveCfg = Debug|Any CPU
		{4238C5DF-3860-4DEB-B81A-C6AC20690E60}.Debug|Any CPU.Build.0 = Debug|Any CPU
		{4238C5DF-3860-4DEB-B81A-C6AC20690E60}.Release|Any CPU.ActiveCfg = Release|Any CPU
		{4238C5DF-3860-4DEB-B81A-C6AC20690E60}.Release|Any CPU.Build.0 = Release|Any CPU
		{257819C7-99EE-47CC-8083-D8E36F40CE62}.Debug|Any CPU.ActiveCfg = Debug|Any CPU
		{257819C7-99EE-47CC-8083-D8E36F40CE62}.Debug|Any CPU.Build.0 = Debug|Any CPU
		{257819C7-99EE-47CC-8083-D8E36F40CE62}.Release|Any CPU.ActiveCfg = Release|Any CPU
		{257819C7-99EE-47CC-8083-D8E36F40CE62}.Release|Any CPU.Build.0 = Release|Any CPU
		{533C46AA-CD8C-4A73-A169-AC7222504A87}.Debug|Any CPU.ActiveCfg = Debug|Any CPU
		{533C46AA-CD8C-4A73-A169-AC7222504A87}.Debug|Any CPU.Build.0 = Debug|Any CPU
		{533C46AA-CD8C-4A73-A169-AC7222504A87}.Release|Any CPU.ActiveCfg = Release|Any CPU
		{533C46AA-CD8C-4A73-A169-AC7222504A87}.Release|Any CPU.Build.0 = Release|Any CPU
	EndGlobalSection
	GlobalSection(SolutionProperties) = preSolution
		HideSolutionNode = FALSE
	EndGlobalSection
	GlobalSection(ExtensibilityGlobals) = postSolution
		SolutionGuid = {903AC5FA-516B-4582-BB4A-01240F3332F1}
	EndGlobalSection
EndGlobal
